
Microsoft Visual Studio Solution File, Format Version 12.00
# Visual Studio Version 16
VisualStudioVersion = 16.0.30204.135
MinimumVisualStudioVersion = 10.0.40219.1
Project("{FAE04EC0-301F-11D3-BF4B-00C04F79EFBC}") = "WpfApp2", "WpfApp2\WpfApp2.csproj", "{DEF0C5DC-EA9D-4B7A-AEEA-89732440A292}"
EndProject
Global
	GlobalSection(SolutionConfigurationPlatforms) = preSolution
		Debug|Any CPU = Debug|Any CPU
		Release|Any CPU = Release|Any CPU
	EndGlobalSection
	GlobalSection(ProjectConfigurationPlatforms) = postSolution
		{DEF0C5DC-EA9D-4B7A-AEEA-89732440A292}.Debug|Any CPU.ActiveCfg = Debug|Any CPU
		{DEF0C5DC-EA9D-4B7A-AEEA-89732440A292}.Debug|Any CPU.Build.0 = Debug|Any CPU
		{DEF0C5DC-EA9D-4B7A-AEEA-89732440A292}.Release|Any CPU.ActiveCfg = Release|Any CPU
		{DEF0C5DC-EA9D-4B7A-AEEA-89732440A292}.Release|Any CPU.Build.0 = Release|Any CPU
	EndGlobalSection
	GlobalSection(SolutionProperties) = preSolution
		HideSolutionNode = FALSE
	EndGlobalSection
	GlobalSection(ExtensibilityGlobals) = postSolution
		SolutionGuid = {2107972B-A928-482A-8685-29362E475156}
	EndGlobalSection
EndGlobal
